
Microsoft Visual Studio Solution File, Format Version 12.00
# Visual Studio Version 17
VisualStudioVersion = 17.1.32210.238
MinimumVisualStudioVersion = 10.0.40219.1
Project("{FAE04EC0-301F-11D3-BF4B-00C04F79EFBC}") = "CarBattery-2022", "CarBattery-2022\CarBattery-2022.csproj", "{08765B35-5DA8-4164-9D2E-17B201D5454E}"
EndProject
Project("{FAE04EC0-301F-11D3-BF4B-00C04F79EFBC}") = "CarBattery-2022.Core", "CarBattery-2022.Core\CarBattery-2022.Core.csproj", "{9160B732-C422-41A7-9F90-2E8EAE48B91E}"
EndProject
Project("{FAE04EC0-301F-11D3-BF4B-00C04F79EFBC}") = "CarBattery-2022.Infrastructure", "CarBattery-2022.Infrastructure\CarBattery-2022.Infrastructure.csproj", "{6EF8F3B7-5B78-4043-A3AA-7FBBC6267261}"
EndProject
Global
	GlobalSection(SolutionConfigurationPlatforms) = preSolution
		Debug|Any CPU = Debug|Any CPU
		Release|Any CPU = Release|Any CPU
	EndGlobalSection
	GlobalSection(ProjectConfigurationPlatforms) = postSolution
		{08765B35-5DA8-4164-9D2E-17B201D5454E}.Debug|Any CPU.ActiveCfg = Debug|Any CPU
		{08765B35-5DA8-4164-9D2E-17B201D5454E}.Debug|Any CPU.Build.0 = Debug|Any CPU
		{08765B35-5DA8-4164-9D2E-17B201D5454E}.Release|Any CPU.ActiveCfg = Release|Any CPU
		{08765B35-5DA8-4164-9D2E-17B201D5454E}.Release|Any CPU.Build.0 = Release|Any CPU
		{9160B732-C422-41A7-9F90-2E8EAE48B91E}.Debug|Any CPU.ActiveCfg = Debug|Any CPU
		{9160B732-C422-41A7-9F90-2E8EAE48B91E}.Debug|Any CPU.Build.0 = Debug|Any CPU
		{9160B732-C422-41A7-9F90-2E8EAE48B91E}.Release|Any CPU.ActiveCfg = Release|Any CPU
		{9160B732-C422-41A7-9F90-2E8EAE48B91E}.Release|Any CPU.Build.0 = Release|Any CPU
		{6EF8F3B7-5B78-4043-A3AA-7FBBC6267261}.Debug|Any CPU.ActiveCfg = Debug|Any CPU
		{6EF8F3B7-5B78-4043-A3AA-7FBBC6267261}.Debug|Any CPU.Build.0 = Debug|Any CPU
		{6EF8F3B7-5B78-4043-A3AA-7FBBC6267261}.Release|Any CPU.ActiveCfg = Release|Any CPU
		{6EF8F3B7-5B78-4043-A3AA-7FBBC6267261}.Release|Any CPU.Build.0 = Release|Any CPU
	EndGlobalSection
	GlobalSection(SolutionProperties) = preSolution
		HideSolutionNode = FALSE
	EndGlobalSection
	GlobalSection(ExtensibilityGlobals) = postSolution
		SolutionGuid = {ECF40E73-3726-484D-957F-1181340675B7}
	EndGlobalSection
EndGlobal
